Microsoft Visual Studio Solution File, Format Version 12.00
# Visual Studio 15
VisualStudioVersion = 15.0.27428.2043
MinimumVisualStudioVersion = 10.0.40219.1
Project("{9A19103F-16F7-4668-BE54-9A1E7A4F7556}") = "TestsProject", "src\TestsProject\TestsProject.csproj", "{E61310F6-B2F1-725E-30F4-D17C36748FC8}"
EndProject
Project("{9A19103F-16F7-4668-BE54-9A1E7A4F7556}") = "TestsProject.Tests", "src\TestsProject.Tests\TestsProject.Tests.csproj", "{719D6926-25E6-5B34-1398-5F6F30FC12BD}"
EndProject
Global
	GlobalSection(SolutionConfigurationPlatforms) = preSolution
		Debug|Any CPU = Debug|Any CPU
		Release|Any CPU = Release|Any CPU
	EndGlobalSection
	GlobalSection(ProjectConfigurationPlatforms) = postSolution
		{E61310F6-B2F1-725E-30F4-D17C36748FC8}.Debug|Any CPU.ActiveCfg = Debug|Any CPU
		{E61310F6-B2F1-725E-30F4-D17C36748FC8}.Debug|Any CPU.Build.0 = Debug|Any CPU
		{E61310F6-B2F1-725E-30F4-D17C36748FC8}.Release|Any CPU.ActiveCfg = Release|Any CPU
		{E61310F6-B2F1-725E-30F4-D17C36748FC8}.Release|Any CPU.Build.0 = Release|Any CPU
		{719D6926-25E6-5B34-1398-5F6F30FC12BD}.Debug|Any CPU.ActiveCfg = Debug|Any CPU
		{719D6926-25E6-5B34-1398-5F6F30FC12BD}.Debug|Any CPU.Build.0 = Debug|Any CPU
		{719D6926-25E6-5B34-1398-5F6F30FC12BD}.Release|Any CPU.ActiveCfg = Release|Any CPU
		{719D6926-25E6-5B34-1398-5F6F30FC12BD}.Release|Any CPU.Build.0 = Release|Any CPU
		{23C62628-719B-4C68-A598-5C297133B9FB}.Debug|Any CPU.ActiveCfg = Debug|Any CPU
		{23C62628-719B-4C68-A598-5C297133B9FB}.Debug|Any CPU.Build.0 = Debug|Any CPU
		{23C62628-719B-4C68-A598-5C297133B9FB}.Release|Any CPU.ActiveCfg = Release|Any CPU
		{23C62628-719B-4C68-A598-5C297133B9FB}.Release|Any CPU.Build.0 = Release|Any CPU
	EndGlobalSection
	GlobalSection(SolutionProperties) = preSolution
		HideSolutionNode = FALSE
	EndGlobalSection
	GlobalSection(ExtensibilityGlobals) = postSolution
		SolutionGuid = {9B71A0DD-07A5-47B4-AC47-141721DED612}
	EndGlobalSection
EndGlobal
